
Microsoft Visual Studio Solution File, Format Version 12.00
# Visual Studio Version 17
VisualStudioVersion = 17.4.33122.133
MinimumVisualStudioVersion = 10.0.40219.1
Project("{9A19103F-16F7-4668-BE54-9A1E7A4F7556}") = "CSBasics", "CSBasics\CSBasics.csproj", "{6911E1CE-466C-4B3B-9A88-01BBBCAB2AB7}"
EndProject
Project("{9A19103F-16F7-4668-BE54-9A1E7A4F7556}") = "L3T1Chains", "L3T1Chains\L3T1Chains.csproj", "{42443CFD-E938-43F2-9A44-7BEB547096B6}"
EndProject
Project("{9A19103F-16F7-4668-BE54-9A1E7A4F7556}") = "L3T2Ternarny", "L3T2Ternarny\L3T2Ternarny.csproj", "{054FE9E6-6EBF-4B7B-B829-A1792C3E4F35}"
EndProject
Project("{9A19103F-16F7-4668-BE54-9A1E7A4F7556}") = "L3T3Password", "L3T3Password\L3T3Password.csproj", "{72F304C3-B8B0-43B4-9B88-3F684EF94B18}"
EndProject
Project("{9A19103F-16F7-4668-BE54-9A1E7A4F7556}") = "L3T4Leapyear", "L3T4Leapyear\L3T4Leapyear.csproj", "{CABAF252-690C-4F43-AFF2-AC82F6162FEC}"
EndProject
Project("{9A19103F-16F7-4668-BE54-9A1E7A4F7556}") = "L3T5TriangleArea", "L3T5TriangleArea\L3T5TriangleArea.csproj", "{5452E00A-6E82-4C52-92AF-DF8E2451B060}"
EndProject
Project("{9A19103F-16F7-4668-BE54-9A1E7A4F7556}") = "L3T6Age", "L3T6Age\L3T6Age.csproj", "{519240A8-3594-4793-87E8-90032ACAA223}"
EndProject
Project("{9A19103F-16F7-4668-BE54-9A1E7A4F7556}") = "L3T7Equation", "L3T7Equation\L3T7Equation.csproj", "{381B91D6-30A2-4D53-97A7-7DD0B4B5C9D0}"
EndProject
Project("{9A19103F-16F7-4668-BE54-9A1E7A4F7556}") = "L3T8Date", "L3T8Date\L3T8Date.csproj", "{31E90092-B8EE-4CE1-B5F0-723B9D9B3755}"
EndProject
Project("{9A19103F-16F7-4668-BE54-9A1E7A4F7556}") = "L1T1Expressions", "L1T1Expressions\L1T1Expressions.csproj", "{A238D656-D5D1-4355-9FE2-02FFC4499A5C}"
EndProject
Project("{9A19103F-16F7-4668-BE54-9A1E7A4F7556}") = "L2T1Expression", "L2T1Expression\L2T1Expression.csproj", "{536DF12A-DB7E-4B7C-85D1-CDBB478A75F4}"
EndProject
Project("{9A19103F-16F7-4668-BE54-9A1E7A4F7556}") = "L2T2Circle", "L2T2Circle\L2T2Circle.csproj", "{721F6299-0F6E-4596-B8F4-714E9C3E2798}"
EndProject
Project("{9A19103F-16F7-4668-BE54-9A1E7A4F7556}") = "L2T3Apartments", "L2T3Apartments\L2T3Apartments.csproj", "{C5A38394-A774-4159-A381-6B2B841646AB}"
EndProject
Project("{9A19103F-16F7-4668-BE54-9A1E7A4F7556}") = "L2T4Greeting", "L2T4Greeting\L2T4Greeting.csproj", "{C97E37E2-616A-45C4-A754-BE14C458BEE9}"
EndProject
Project("{9A19103F-16F7-4668-BE54-9A1E7A4F7556}") = "L4T1Eqality", "L4T1Eqality\L4T1Eqality.csproj", "{D0F60409-3AA9-4D80-8B3C-819815918593}"
EndProject
Project("{9A19103F-16F7-4668-BE54-9A1E7A4F7556}") = "L4T2Instruction", "L4T2Instruction\L4T2Instruction.csproj", "{DED7E992-704F-4EE9-8079-C68CEE194591}"
EndProject
Project("{9A19103F-16F7-4668-BE54-9A1E7A4F7556}") = "L4T3Switch", "L4T3Switch\L4T3Switch.csproj", "{99ECCBB5-D8F3-46F2-B2C7-2004AC0CE011}"
EndProject
Project("{9A19103F-16F7-4668-BE54-9A1E7A4F7556}") = "L4T4Sum", "L4T4While\L4T4Sum.csproj", "{9077F56A-0863-4A9F-985E-53E95166A1A6}"
EndProject
Project("{9A19103F-16F7-4668-BE54-9A1E7A4F7556}") = "L4T5ArithmeticMean", "L4T5ArithmeticMean\L4T5ArithmeticMean.csproj", "{BE553A37-ADDF-47A2-BD83-8D506B4CE004}"
EndProject
Project("{9A19103F-16F7-4668-BE54-9A1E7A4F7556}") = "L4T6ArithmeticMean", "L4T6ArithmeticMean\L4T6ArithmeticMean.csproj", "{3542796E-FE77-4498-A619-65847622AD8B}"
EndProject
Project("{9A19103F-16F7-4668-BE54-9A1E7A4F7556}") = "L4T7Fibonacci", "L4T7Fibonacci\L4T7Fibonacci.csproj", "{DD1C192C-823A-44ED-876C-235833B02227}"
EndProject
Project("{9A19103F-16F7-4668-BE54-9A1E7A4F7556}") = "L4T8DoWhile", "L4T8DoWhile\L4T8DoWhile.csproj", "{C48DB116-BC2F-47A5-863B-261FBF7AE257}"
EndProject
Project("{9A19103F-16F7-4668-BE54-9A1E7A4F7556}") = "L4T9NumbersPerLine", "L4T9NumbersPerLine\L4T9NumbersPerLine.csproj", "{00079B45-D416-4BF9-98BB-5AD3EA6C49DE}"
EndProject
Project("{9A19103F-16F7-4668-BE54-9A1E7A4F7556}") = "L4T10NumberPerLineComplicated", "L4T10NumberPerLineComplicated\L4T10NumberPerLineComplicated.csproj", "{3DD122E0-8C0D-4917-AE2E-BA030ABF1BAD}"
EndProject
Project("{FAE04EC0-301F-11D3-BF4B-00C04F79EFBC}") = "L4T11DigitsOfNmber", "L4T11DigitsOfNmber\L4T11DigitsOfNmber.csproj", "{404A928E-6E99-44FB-8BAE-8ED243E92A01}"
EndProject
Project("{FAE04EC0-301F-11D3-BF4B-00C04F79EFBC}") = "L5T1numbersFromAndTo", "L5T1numbersFromAndTo\L5T1numbersFromAndTo.csproj", "{BE4AEC6E-D5A8-41A4-AB10-F150A9DA823C}"
EndProject
Project("{FAE04EC0-301F-11D3-BF4B-00C04F79EFBC}") = "L5T2Multiples", "L5T2Multiples\L5T2Multiples.csproj", "{8C4FE3FC-EB83-4727-B1FE-A8B89B6AB257}"
EndProject
Global
	GlobalSection(SolutionConfigurationPlatforms) = preSolution
		Debug|Any CPU = Debug|Any CPU
		Release|Any CPU = Release|Any CPU
	EndGlobalSection
	GlobalSection(ProjectConfigurationPlatforms) = postSolution
		{6911E1CE-466C-4B3B-9A88-01BBBCAB2AB7}.Debug|Any CPU.ActiveCfg = Debug|Any CPU
		{6911E1CE-466C-4B3B-9A88-01BBBCAB2AB7}.Debug|Any CPU.Build.0 = Debug|Any CPU
		{6911E1CE-466C-4B3B-9A88-01BBBCAB2AB7}.Release|Any CPU.ActiveCfg = Release|Any CPU
		{6911E1CE-466C-4B3B-9A88-01BBBCAB2AB7}.Release|Any CPU.Build.0 = Release|Any CPU
		{42443CFD-E938-43F2-9A44-7BEB547096B6}.Debug|Any CPU.ActiveCfg = Debug|Any CPU
		{42443CFD-E938-43F2-9A44-7BEB547096B6}.Debug|Any CPU.Build.0 = Debug|Any CPU
		{42443CFD-E938-43F2-9A44-7BEB547096B6}.Release|Any CPU.ActiveCfg = Release|Any CPU
		{42443CFD-E938-43F2-9A44-7BEB547096B6}.Release|Any CPU.Build.0 = Release|Any CPU
		{054FE9E6-6EBF-4B7B-B829-A1792C3E4F35}.Debug|Any CPU.ActiveCfg = Debug|Any CPU
		{054FE9E6-6EBF-4B7B-B829-A1792C3E4F35}.Debug|Any CPU.Build.0 = Debug|Any CPU
		{054FE9E6-6EBF-4B7B-B829-A1792C3E4F35}.Release|Any CPU.ActiveCfg = Release|Any CPU
		{054FE9E6-6EBF-4B7B-B829-A1792C3E4F35}.Release|Any CPU.Build.0 = Release|Any CPU
		{72F304C3-B8B0-43B4-9B88-3F684EF94B18}.Debug|Any CPU.ActiveCfg = Debug|Any CPU
		{72F304C3-B8B0-43B4-9B88-3F684EF94B18}.Debug|Any CPU.Build.0 = Debug|Any CPU
		{72F304C3-B8B0-43B4-9B88-3F684EF94B18}.Release|Any CPU.ActiveCfg = Release|Any CPU
		{72F304C3-B8B0-43B4-9B88-3F684EF94B18}.Release|Any CPU.Build.0 = Release|Any CPU
		{CABAF252-690C-4F43-AFF2-AC82F6162FEC}.Debug|Any CPU.ActiveCfg = Debug|Any CPU
		{CABAF252-690C-4F43-AFF2-AC82F6162FEC}.Debug|Any CPU.Build.0 = Debug|Any CPU
		{CABAF252-690C-4F43-AFF2-AC82F6162FEC}.Release|Any CPU.ActiveCfg = Release|Any CPU
		{CABAF252-690C-4F43-AFF2-AC82F6162FEC}.Release|Any CPU.Build.0 = Release|Any CPU
		{5452E00A-6E82-4C52-92AF-DF8E2451B060}.Debug|Any CPU.ActiveCfg = Debug|Any CPU
		{5452E00A-6E82-4C52-92AF-DF8E2451B060}.Debug|Any CPU.Build.0 = Debug|Any CPU
		{5452E00A-6E82-4C52-92AF-DF8E2451B060}.Release|Any CPU.ActiveCfg = Release|Any CPU
		{5452E00A-6E82-4C52-92AF-DF8E2451B060}.Release|Any CPU.Build.0 = Release|Any CPU
		{519240A8-3594-4793-87E8-90032ACAA223}.Debug|Any CPU.ActiveCfg = Debug|Any CPU
		{519240A8-3594-4793-87E8-90032ACAA223}.Debug|Any CPU.Build.0 = Debug|Any CPU
		{519240A8-3594-4793-87E8-90032ACAA223}.Release|Any CPU.ActiveCfg = Release|Any CPU
		{519240A8-3594-4793-87E8-90032ACAA223}.Release|Any CPU.Build.0 = Release|Any CPU
		{381B91D6-30A2-4D53-97A7-7DD0B4B5C9D0}.Debug|Any CPU.ActiveCfg = Debug|Any CPU
		{381B91D6-30A2-4D53-97A7-7DD0B4B5C9D0}.Debug|Any CPU.Build.0 = Debug|Any CPU
		{381B91D6-30A2-4D53-97A7-7DD0B4B5C9D0}.Release|Any CPU.ActiveCfg = Release|Any CPU
		{381B91D6-30A2-4D53-97A7-7DD0B4B5C9D0}.Release|Any CPU.Build.0 = Release|Any CPU
		{31E90092-B8EE-4CE1-B5F0-723B9D9B3755}.Debug|Any CPU.ActiveCfg = Debug|Any CPU
		{31E90092-B8EE-4CE1-B5F0-723B9D9B3755}.Debug|Any CPU.Build.0 = Debug|Any CPU
		{31E90092-B8EE-4CE1-B5F0-723B9D9B3755}.Release|Any CPU.ActiveCfg = Release|Any CPU
		{31E90092-B8EE-4CE1-B5F0-723B9D9B3755}.Release|Any CPU.Build.0 = Release|Any CPU
		{A238D656-D5D1-4355-9FE2-02FFC4499A5C}.Debug|Any CPU.ActiveCfg = Debug|Any CPU
		{A238D656-D5D1-4355-9FE2-02FFC4499A5C}.Debug|Any CPU.Build.0 = Debug|Any CPU
		{A238D656-D5D1-4355-9FE2-02FFC4499A5C}.Release|Any CPU.ActiveCfg = Release|Any CPU
		{A238D656-D5D1-4355-9FE2-02FFC4499A5C}.Release|Any CPU.Build.0 = Release|Any CPU
		{536DF12A-DB7E-4B7C-85D1-CDBB478A75F4}.Debug|Any CPU.ActiveCfg = Debug|Any CPU
		{536DF12A-DB7E-4B7C-85D1-CDBB478A75F4}.Debug|Any CPU.Build.0 = Debug|Any CPU
		{536DF12A-DB7E-4B7C-85D1-CDBB478A75F4}.Release|Any CPU.ActiveCfg = Release|Any CPU
		{536DF12A-DB7E-4B7C-85D1-CDBB478A75F4}.Release|Any CPU.Build.0 = Release|Any CPU
		{721F6299-0F6E-4596-B8F4-714E9C3E2798}.Debug|Any CPU.ActiveCfg = Debug|Any CPU
		{721F6299-0F6E-4596-B8F4-714E9C3E2798}.Debug|Any CPU.Build.0 = Debug|Any CPU
		{721F6299-0F6E-4596-B8F4-714E9C3E2798}.Release|Any CPU.ActiveCfg = Release|Any CPU
		{721F6299-0F6E-4596-B8F4-714E9C3E2798}.Release|Any CPU.Build.0 = Release|Any CPU
		{C5A38394-A774-4159-A381-6B2B841646AB}.Debug|Any CPU.ActiveCfg = Debug|Any CPU
		{C5A38394-A774-4159-A381-6B2B841646AB}.Debug|Any CPU.Build.0 = Debug|Any CPU
		{C5A38394-A774-4159-A381-6B2B841646AB}.Release|Any CPU.ActiveCfg = Release|Any CPU
		{C5A38394-A774-4159-A381-6B2B841646AB}.Release|Any CPU.Build.0 = Release|Any CPU
		{C97E37E2-616A-45C4-A754-BE14C458BEE9}.Debug|Any CPU.ActiveCfg = Debug|Any CPU
		{C97E37E2-616A-45C4-A754-BE14C458BEE9}.Debug|Any CPU.Build.0 = Debug|Any CPU
		{C97E37E2-616A-45C4-A754-BE14C458BEE9}.Release|Any CPU.ActiveCfg = Release|Any CPU
		{C97E37E2-616A-45C4-A754-BE14C458BEE9}.Release|Any CPU.Build.0 = Release|Any CPU
		{D0F60409-3AA9-4D80-8B3C-819815918593}.Debug|Any CPU.ActiveCfg = Debug|Any CPU
		{D0F60409-3AA9-4D80-8B3C-819815918593}.Debug|Any CPU.Build.0 = Debug|Any CPU
		{D0F60409-3AA9-4D80-8B3C-819815918593}.Release|Any CPU.ActiveCfg = Release|Any CPU
		{D0F60409-3AA9-4D80-8B3C-819815918593}.Release|Any CPU.Build.0 = Release|Any CPU
		{DED7E992-704F-4EE9-8079-C68CEE194591}.Debug|Any CPU.ActiveCfg = Debug|Any CPU
		{DED7E992-704F-4EE9-8079-C68CEE194591}.Debug|Any CPU.Build.0 = Debug|Any CPU
		{DED7E992-704F-4EE9-8079-C68CEE194591}.Release|Any CPU.ActiveCfg = Release|Any CPU
		{DED7E992-704F-4EE9-8079-C68CEE194591}.Release|Any CPU.Build.0 = Release|Any CPU
		{99ECCBB5-D8F3-46F2-B2C7-2004AC0CE011}.Debug|Any CPU.ActiveCfg = Debug|Any CPU
		{99ECCBB5-D8F3-46F2-B2C7-2004AC0CE011}.Debug|Any CPU.Build.0 = Debug|Any CPU
		{99ECCBB5-D8F3-46F2-B2C7-2004AC0CE011}.Release|Any CPU.ActiveCfg = Release|Any CPU
		{99ECCBB5-D8F3-46F2-B2C7-2004AC0CE011}.Release|Any CPU.Build.0 = Release|Any CPU
		{9077F56A-0863-4A9F-985E-53E95166A1A6}.Debug|Any CPU.ActiveCfg = Debug|Any CPU
		{9077F56A-0863-4A9F-985E-53E95166A1A6}.Debug|Any CPU.Build.0 = Debug|Any CPU
		{9077F56A-0863-4A9F-985E-53E95166A1A6}.Release|Any CPU.ActiveCfg = Release|Any CPU
		{9077F56A-0863-4A9F-985E-53E95166A1A6}.Release|Any CPU.Build.0 = Release|Any CPU
		{BE553A37-ADDF-47A2-BD83-8D506B4CE004}.Debug|Any CPU.ActiveCfg = Debug|Any CPU
		{BE553A37-ADDF-47A2-BD83-8D506B4CE004}.Debug|Any CPU.Build.0 = Debug|Any CPU
		{BE553A37-ADDF-47A2-BD83-8D506B4CE004}.Release|Any CPU.ActiveCfg = Release|Any CPU
		{BE553A37-ADDF-47A2-BD83-8D506B4CE004}.Release|Any CPU.Build.0 = Release|Any CPU
		{3542796E-FE77-4498-A619-65847622AD8B}.Debug|Any CPU.ActiveCfg = Debug|Any CPU
		{3542796E-FE77-4498-A619-65847622AD8B}.Debug|Any CPU.Build.0 = Debug|Any CPU
		{3542796E-FE77-4498-A619-65847622AD8B}.Release|Any CPU.ActiveCfg = Release|Any CPU
		{3542796E-FE77-4498-A619-65847622AD8B}.Release|Any CPU.Build.0 = Release|Any CPU
		{DD1C192C-823A-44ED-876C-235833B02227}.Debug|Any CPU.ActiveCfg = Debug|Any CPU
		{DD1C192C-823A-44ED-876C-235833B02227}.Debug|Any CPU.Build.0 = Debug|Any CPU
		{DD1C192C-823A-44ED-876C-235833B02227}.Release|Any CPU.ActiveCfg = Release|Any CPU
		{DD1C192C-823A-44ED-876C-235833B02227}.Release|Any CPU.Build.0 = Release|Any CPU
		{C48DB116-BC2F-47A5-863B-261FBF7AE257}.Debug|Any CPU.ActiveCfg = Debug|Any CPU
		{C48DB116-BC2F-47A5-863B-261FBF7AE257}.Debug|Any CPU.Build.0 = Debug|Any CPU
		{C48DB116-BC2F-47A5-863B-261FBF7AE257}.Release|Any CPU.ActiveCfg = Release|Any CPU
		{C48DB116-BC2F-47A5-863B-261FBF7AE257}.Release|Any CPU.Build.0 = Release|Any CPU
		{00079B45-D416-4BF9-98BB-5AD3EA6C49DE}.Debug|Any CPU.ActiveCfg = Debug|Any CPU
		{00079B45-D416-4BF9-98BB-5AD3EA6C49DE}.Debug|Any CPU.Build.0 = Debug|Any CPU
		{00079B45-D416-4BF9-98BB-5AD3EA6C49DE}.Release|Any CPU.ActiveCfg = Release|Any CPU
		{00079B45-D416-4BF9-98BB-5AD3EA6C49DE}.Release|Any CPU.Build.0 = Release|Any CPU
		{3DD122E0-8C0D-4917-AE2E-BA030ABF1BAD}.Debug|Any CPU.ActiveCfg = Debug|Any CPU
		{3DD122E0-8C0D-4917-AE2E-BA030ABF1BAD}.Debug|Any CPU.Build.0 = Debug|Any CPU
		{3DD122E0-8C0D-4917-AE2E-BA030ABF1BAD}.Release|Any CPU.ActiveCfg = Release|Any CPU
		{3DD122E0-8C0D-4917-AE2E-BA030ABF1BAD}.Release|Any CPU.Build.0 = Release|Any CPU
		{404A928E-6E99-44FB-8BAE-8ED243E92A01}.Debug|Any CPU.ActiveCfg = Debug|Any CPU
		{404A928E-6E99-44FB-8BAE-8ED243E92A01}.Debug|Any CPU.Build.0 = Debug|Any CPU
		{404A928E-6E99-44FB-8BAE-8ED243E92A01}.Release|Any CPU.ActiveCfg = Release|Any CPU
		{404A928E-6E99-44FB-8BAE-8ED243E92A01}.Release|Any CPU.Build.0 = Release|Any CPU
		{BE4AEC6E-D5A8-41A4-AB10-F150A9DA823C}.Debug|Any CPU.ActiveCfg = Debug|Any CPU
		{BE4AEC6E-D5A8-41A4-AB10-F150A9DA823C}.Debug|Any CPU.Build.0 = Debug|Any CPU
		{BE4AEC6E-D5A8-41A4-AB10-F150A9DA823C}.Release|Any CPU.ActiveCfg = Release|Any CPU
		{BE4AEC6E-D5A8-41A4-AB10-F150A9DA823C}.Release|Any CPU.Build.0 = Release|Any CPU
		{8C4FE3FC-EB83-4727-B1FE-A8B89B6AB257}.Debug|Any CPU.ActiveCfg = Debug|Any CPU
		{8C4FE3FC-EB83-4727-B1FE-A8B89B6AB257}.Debug|Any CPU.Build.0 = Debug|Any CPU
		{8C4FE3FC-EB83-4727-B1FE-A8B89B6AB257}.Release|Any CPU.ActiveCfg = Release|Any CPU
		{8C4FE3FC-EB83-4727-B1FE-A8B89B6AB257}.Release|Any CPU.Build.0 = Release|Any CPU
	EndGlobalSection
	GlobalSection(SolutionProperties) = preSolution
		HideSolutionNode = FALSE
	EndGlobalSection
	GlobalSection(ExtensibilityGlobals) = postSolution
		SolutionGuid = {B3795571-FD69-4590-8941-FFEEB69A0293}
	EndGlobalSection
EndGlobal
